// !$*UTF8*$!
{
	archiveVersion = 1;
	classes = {
	};
	objectVersion = 50;
	objects = {

/* Begin PBXBuildFile section */
		B2765D302625E5D900B4E552 /* AppDelegate.swift in Sources */ = {isa = PBXBuildFile; fileRef = B2765D2F2625E5D900B4E552 /* AppDelegate.swift */; };
		B2765D322625E5D900B4E552 /* SceneDelegate.swift in Sources */ = {isa = PBXBuildFile; fileRef = B2765D312625E5D900B4E552 /* SceneDelegate.swift */; };
		B2765D372625E5D900B4E552 /* Main.storyboard in Resources */ = {isa = PBXBuildFile; fileRef = B2765D352625E5D900B4E552 /* Main.storyboard */; };
		B2765D392625E5DB00B4E552 /* Assets.xcassets in Resources */ = {isa = PBXBuildFile; fileRef = B2765D382625E5DB00B4E552 /* Assets.xcassets */; };
		B2765D3C2625E5DB00B4E552 /* LaunchScreen.storyboard in Resources */ = {isa = PBXBuildFile; fileRef = B2765D3A2625E5DB00B4E552 /* LaunchScreen.storyboard */; };
		B2765D452625E5F600B4E552 /* StillImageViewController.swift in Sources */ = {isa = PBXBuildFile; fileRef = B2765D442625E5F600B4E552 /* StillImageViewController.swift */; };
		B2D09EB72626D1CA00B0F077 /* LiveImageViewController.swift in Sources */ = {isa = PBXBuildFile; fileRef = B2D09EB62626D1CA00B0F077 /* LiveImageViewController.swift */; };
		B2E2EE172626DFF50099AF09 /* SqueezeNet.mlmodel in Sources */ = {isa = PBXBuildFile; fileRef = B2E2EE162626DFF50099AF09 /* SqueezeNet.mlmodel */; };
/* End PBXBuildFile section */

/* Begin PBXFileReference section */
		B2765D2C2625E5D900B4E552 /* ch08-cameraCoreML.app */ = {isa = PBXFileReference; explicitFileType = wrapper.application; includeInIndex = 0; path = "ch08-cameraCoreML.app"; sourceTree = BUILT_PRODUCTS_DIR; };
		B2765D2F2625E5D900B4E552 /* AppDelegate.swift */ = {isa = PBXFileReference; lastKnownFileType = sourcecode.swift; path = AppDelegate.swift; sourceTree = "<group>"; };
		B2765D312625E5D900B4E552 /* SceneDelegate.swift */ = {isa = PBXFileReference; lastKnownFileType = sourcecode.swift; path = SceneDelegate.swift; sourceTree = "<group>"; };
		B2765D362625E5D900B4E552 /* Base */ = {isa = PBXFileReference; lastKnownFileType = file.storyboard; name = Base; path = Base.lproj/Main.storyboard; sourceTree = "<group>"; };
		B2765D382625E5DB00B4E552 /* Assets.xcassets */ = {isa = PBXFileReference; lastKnownFileType = folder.assetcatalog; path = Assets.xcassets; sourceTree = "<group>"; };
		B2765D3B2625E5DB00B4E552 /* Base */ = {isa = PBXFileReference; lastKnownFileType = file.storyboard; name = Base; path = Base.lproj/LaunchScreen.storyboard; sourceTree = "<group>"; };
		B2765D3D2625E5DB00B4E552 /* Info.plist */ = {isa = PBXFileReference; lastKnownFileType = text.plist.xml; path = Info.plist; sourceTree = "<group>"; };
		B2765D442625E5F600B4E552 /* StillImageViewController.swift */ = {isa = PBXFileReference; lastKnownFileType = sourcecode.swift; path = StillImageViewController.swift; sourceTree = "<group>"; };
		B2D09EB62626D1CA00B0F077 /* LiveImageViewController.swift */ = {isa = PBXFileReference; lastKnownFileType = sourcecode.swift; path = LiveImageViewController.swift; sourceTree = "<group>"; };
		B2E2EE162626DFF50099AF09 /* SqueezeNet.mlmodel */ = {isa = PBXFileReference; lastKnownFileType = file.mlmodel; path = SqueezeNet.mlmodel; sourceTree = "<group>"; };
/* End PBXFileReference section */

/* Begin PBXFrameworksBuildPhase section */
		B2765D292625E5D900B4E552 /* Frameworks */ = {
			isa = PBXFrameworksBuildPhase;
			buildActionMask = 2147483647;
			files = (
			);
			runOnlyForDeploymentPostprocessing = 0;
		};
/* End PBXFrameworksBuildPhase section */

/* Begin PBXGroup section */
		B2765D232625E5D900B4E552 = {
			isa = PBXGroup;
			children = (
				B2765D2E2625E5D900B4E552 /* ch08-cameraCoreML */,
				B2765D2D2625E5D900B4E552 /* Products */,
			);
			sourceTree = "<group>";
		};
		B2765D2D2625E5D900B4E552 /* Products */ = {
			isa = PBXGroup;
			children = (
				B2765D2C2625E5D900B4E552 /* ch08-cameraCoreML.app */,
			);
			name = Products;
			sourceTree = "<group>";
		};
		B2765D2E2625E5D900B4E552 /* ch08-cameraCoreML */ = {
			isa = PBXGroup;
			children = (
				B2765D2F2625E5D900B4E552 /* AppDelegate.swift */,
				B2765D312625E5D900B4E552 /* SceneDelegate.swift */,
				B2765D352625E5D900B4E552 /* Main.storyboard */,
				B2765D382625E5DB00B4E552 /* Assets.xcassets */,
				B2765D3A2625E5DB00B4E552 /* LaunchScreen.storyboard */,
				B2765D3D2625E5DB00B4E552 /* Info.plist */,
				B2E2EE162626DFF50099AF09 /* SqueezeNet.mlmodel */,
				B2765D442625E5F600B4E552 /* StillImageViewController.swift */,
				B2D09EB62626D1CA00B0F077 /* LiveImageViewController.swift */,
			);
			path = "ch08-cameraCoreML";
			sourceTree = "<group>";
		};
/* End PBXGroup section */

/* Begin PBXNativeTarget section */
		B2765D2B2625E5D900B4E552 /* ch08-cameraCoreML */ = {
			isa = PBXNativeTarget;
			buildConfigurationList = B2765D402625E5DB00B4E552 /* Build configuration list for PBXNativeTarget "ch08-cameraCoreML" */;
			buildPhases = (
				B2765D282625E5D900B4E552 /* Sources */,
				B2765D292625E5D900B4E552 /* Frameworks */,
				B2765D2A2625E5D900B4E552 /* Resources */,
			);
			buildRules = (
			);
			dependencies = (
			);
			name = "ch08-cameraCoreML";
			productName = "ch08-cameraCoreML";
			productReference = B2765D2C2625E5D900B4E552 /* ch08-cameraCoreML.app */;
			productType = "com.apple.product-type.application";
		};
/* End PBXNativeTarget section */

/* Begin PBXProject section */
		B2765D242625E5D900B4E552 /* Project object */ = {
			isa = PBXProject;
			attributes = {
				LastSwiftUpdateCheck = 1240;
				LastUpgradeCheck = 1240;
				TargetAttributes = {
					B2765D2B2625E5D900B4E552 = {
						CreatedOnToolsVersion = 12.4;
					};
				};
			};
			buildConfigurationList = B2765D272625E5D900B4E552 /* Build configuration list for PBXProject "ch08-cameraCoreML" */;
			compatibilityVersion = "Xcode 9.3";
			developmentRegion = en;
			hasScannedForEncodings = 0;
			knownRegions = (
				en,
				Base,
			);
			mainGroup = B2765D232625E5D900B4E552;
			productRefGroup = B2765D2D2625E5D900B4E552 /* Products */;
			projectDirPath = "";
			projectRoot = "";
			targets = (
				B2765D2B2625E5D900B4E552 /* ch08-cameraCoreML */,
			);
		};
/* End PBXProject section */

/* Begin PBXResourcesBuildPhase section */
		B2765D2A2625E5D900B4E552 /* Resources */ = {
			isa = PBXResourcesBuildPhase;
			buildActionMask = 2147483647;
			files = (
				B2765D3C2625E5DB00B4E552 /* LaunchScreen.storyboard in Resources */,
				B2765D392625E5DB00B4E552 /* Assets.xcassets in Resources */,
				B2765D372625E5D900B4E552 /* Main.storyboard in Resources */,
			);
			runOnlyForDeploymentPostprocessing = 0;
		};
/* End PBXResourcesBuildPhase section */

/* Begin PBXSourcesBuildPhase section */
		B2765D282625E5D900B4E552 /* Sources */ = {
			isa = PBXSourcesBuildPhase;
			buildActionMask = 2147483647;
			files = (
				B2765D302625E5D900B4E552 /* AppDelegate.swift in Sources */,
				B2765D322625E5D900B4E552 /* SceneDelegate.swift in Sources */,
				B2E2EE172626DFF50099AF09 /* SqueezeNet.mlmodel in Sources */,
				B2D09EB72626D1CA00B0F077 /* LiveImageViewController.swift in Sources */,
				B2765D452625E5F600B4E552 /* StillImageViewController.swift in Sources */,
			);
			runOnlyForDeploymentPostprocessing = 0;
		};
/* End PBXSourcesBuildPhase section */

/* Begin PBXVariantGroup section */
		B2765D352625E5D900B4E552 /* Main.storyboard */ = {
			isa = PBXVariantGroup;
			children = (
				B2765D362625E5D900B4E552 /* Base */,
			);
			name = Main.storyboard;
			sourceTree = "<group>";
		};
		B2765D3A2625E5DB00B4E552 /* LaunchScreen.storyboard */ = {
			isa = PBXVariantGroup;
			children = (
				B2765D3B2625E5DB00B4E552 /* Base */,
			);
			name = LaunchScreen.storyboard;
			sourceTree = "<group>";
		};
/* End PBXVariantGroup section */

/* Begin XCBuildConfiguration section */
		B2765D3E2625E5DB00B4E552 /* Debug */ = {
			isa = XCBuildConfiguration;
			buildSettings = {
				ALWAYS_SEARCH_USER_PATHS = NO;
				CLANG_ANALYZER_NONNULL = YES;
				CLANG_ANALYZER_NUMBER_OBJECT_CONVERSION = YES_AGGRESSIVE;
				CLANG_CXX_LANGUAGE_STANDARD = "gnu++14";
				CLANG_CXX_LIBRARY = "libc++";
				CLANG_ENABLE_MODULES = YES;
				CLANG_ENABLE_OBJC_ARC = YES;
				CLANG_ENABLE_OBJC_WEAK = YES;
				CLANG_WARN_BLOCK_CAPTURE_AUTORELEASING = YES;
				CLANG_WARN_BOOL_CONVERSION = YES;
				CLANG_WARN_COMMA = YES;
				CLANG_WARN_CONSTANT_CONVERSION = YES;
				CLANG_WARN_DEPRECATED_OBJC_IMPLEMENTATIONS = YES;
				CLANG_WARN_DIRECT_OBJC_ISA_USAGE = YES_ERROR;
				CLANG_WARN_DOCUMENTATION_COMMENTS = YES;
				CLANG_WARN_EMPTY_BODY = YES;
				CLANG_WARN_ENUM_CONVERSION = YES;
				CLANG_WARN_INFINITE_RECURSION = YES;
				CLANG_WARN_INT_CONVERSION = YES;
				CLANG_WARN_NON_LITERAL_NULL_CONVERSION = YES;
				CLANG_WARN_OBJC_IMPLICIT_RETAIN_SELF = YES;
				CLANG_WARN_OBJC_LITERAL_CONVERSION = YES;
				CLANG_WARN_OBJC_ROOT_CLASS = YES_ERROR;
				CLANG_WARN_QUOTED_INCLUDE_IN_FRAMEWORK_HEADER = YES;
				CLANG_WARN_RANGE_LOOP_ANALYSIS = YES;
				CLANG_WARN_STRICT_PROTOTYPES = YES;
				CLANG_WARN_SUSPICIOUS_MOVE = YES;
				CLANG_WARN_UNGUARDED_AVAILABILITY = YES_AGGRESSIVE;
				CLANG_WARN_UNREACHABLE_CODE = YES;
				CLANG_WARN__DUPLICATE_METHOD_MATCH = YES;
				COPY_PHASE_STRIP = NO;
				DEBUG_INFORMATION_FORMAT = dwarf;
				ENABLE_STRICT_OBJC_MSGSEND = YES;
				ENABLE_TESTABILITY = YES;
				GCC_C_LANGUAGE_STANDARD = gnu11;
				GCC_DYNAMIC_NO_PIC = NO;
				GCC_NO_COMMON_BLOCKS = YES;
				GCC_OPTIMIZATION_LEVEL = 0;
				GCC_PREPROCESSOR_DEFINITIONS = (
					"DEBUG=1",
					"$(inherited)",
				);
				GCC_WARN_64_TO_32_BIT_CONVERSION = YES;
				GCC_WARN_ABOUT_RETURN_TYPE = YES_ERROR;
				GCC_WARN_UNDECLARED_SELECTOR = YES;
				GCC_WARN_UNINITIALIZED_AUTOS = YES_AGGRESSIVE;
				GCC_WARN_UNUSED_FUNCTION = YES;
				GCC_WARN_UNUSED_VARIABLE = YES;
				IPHONEOS_DEPLOYMENT_TARGET = 14.4;
				MTL_ENABLE_DEBUG_INFO = INCLUDE_SOURCE;
				MTL_FAST_MATH = YES;
				ONLY_ACTIVE_ARCH = YES;
				SDKROOT = iphoneos;
				SWIFT_ACTIVE_COMPILATION_CONDITIONS = DEBUG;
				SWIFT_OPTIMIZATION_LEVEL = "-Onone";
			};
			name = Debug;
		};
		B2765D3F2625E5DB00B4E552 /* Release */ = {
			isa = XCBuildConfiguration;
			buildSettings = {
				ALWAYS_SEARCH_USER_PATHS = NO;
				CLANG_ANALYZER_NONNULL = YES;
				CLANG_ANALYZER_NUMBER_OBJECT_CONVERSION = YES_AGGRESSIVE;
				CLANG_CXX_LANGUAGE_STANDARD = "gnu++14";
				CLANG_CXX_LIBRARY = "libc++";
				CLANG_ENABLE_MODULES = YES;
				CLANG_ENABLE_OBJC_ARC = YES;
				CLANG_ENABLE_OBJC_WEAK = YES;
				CLANG_WARN_BLOCK_CAPTURE_AUTORELEASING = YES;
				CLANG_WARN_BOOL_CONVERSION = YES;
				CLANG_WARN_COMMA = YES;
				CLANG_WARN_CONSTANT_CONVERSION = YES;
				CLANG_WARN_DEPRECATED_OBJC_IMPLEMENTATIONS = YES;
				CLANG_WARN_DIRECT_OBJC_ISA_USAGE = YES_ERROR;
				CLANG_WARN_DOCUMENTATION_COMMENTS = YES;
				CLANG_WARN_EMPTY_BODY = YES;
				CLANG_WARN_ENUM_CONVERSION = YES;
				CLANG_WARN_INFINITE_RECURSION = YES;
				CLANG_WARN_INT_CONVERSION = YES;
				CLANG_WARN_NON_LITERAL_NULL_CONVERSION = YES;
				CLANG_WARN_OBJC_IMPLICIT_RETAIN_SELF = YES;
				CLANG_WARN_OBJC_LITERAL_CONVERSION = YES;
				CLANG_WARN_OBJC_ROOT_CLASS = YES_ERROR;
				CLANG_WARN_QUOTED_INCLUDE_IN_FRAMEWORK_HEADER = YES;
				CLANG_WARN_RANGE_LOOP_ANALYSIS = YES;
				CLANG_WARN_STRICT_PROTOTYPES = YES;
				CLANG_WARN_SUSPICIOUS_MOVE = YES;
				CLANG_WARN_UNGUARDED_AVAILABILITY = YES_AGGRESSIVE;
				CLANG_WARN_UNREACHABLE_CODE = YES;
				CLANG_WARN__DUPLICATE_METHOD_MATCH = YES;
				COPY_PHASE_STRIP = NO;
				DEBUG_INFORMATION_FORMAT = "dwarf-with-dsym";
				ENABLE_NS_ASSERTIONS = NO;
				ENABLE_STRICT_OBJC_MSGSEND = YES;
				GCC_C_LANGUAGE_STANDARD = gnu11;
				GCC_NO_COMMON_BLOCKS = YES;
				GCC_WARN_64_TO_32_BIT_CONVERSION = YES;
				GCC_WARN_ABOUT_RETURN_TYPE = YES_ERROR;
				GCC_WARN_UNDECLARED_SELECTOR = YES;
				GCC_WARN_UNINITIALIZED_AUTOS = YES_AGGRESSIVE;
				GCC_WARN_UNUSED_FUNCTION = YES;
				GCC_WARN_UNUSED_VARIABLE = YES;
				IPHONEOS_DEPLOYMENT_TARGET = 14.4;
				MTL_ENABLE_DEBUG_INFO = NO;
				MTL_FAST_MATH = YES;
				SDKROOT = iphoneos;
				SWIFT_COMPILATION_MODE = wholemodule;
				SWIFT_OPTIMIZATION_LEVEL = "-O";
				VALIDATE_PRODUCT = YES;
			};
			name = Release;
		};
		B2765D412625E5DB00B4E552 /* Debug */ = {
			isa = XCBuildConfiguration;
			buildSettings = {
				ASSETCATALOG_COMPILER_APPICON_NAME = AppIcon;
				ASSETCATALOG_COMPILER_GLOBAL_ACCENT_COLOR_NAME = AccentColor;
				CODE_SIGN_STYLE = Automatic;
				DEVELOPMENT_TEAM = GC5WA7MU7L;
				INFOPLIST_FILE = "ch08-cameraCoreML/Info.plist";
				LD_RUNPATH_SEARCH_PATHS = (
					"$(inherited)",
					"@executable_path/Frameworks",
				);
				PRODUCT_BUNDLE_IDENTIFIER = "jhlee.hansung.ac.kr.ch08-cameraCoreML";
				PRODUCT_NAME = "$(TARGET_NAME)";
				SWIFT_VERSION = 5.0;
				TARGETED_DEVICE_FAMILY = "1,2";
			};
			name = Debug;
		};
		B2765D422625E5DB00B4E552 /* Release */ = {
			isa = XCBuildConfiguration;
			buildSettings = {
				ASSETCATALOG_COMPILER_APPICON_NAME = AppIcon;
				ASSETCATALOG_COMPILER_GLOBAL_ACCENT_COLOR_NAME = AccentColor;
				CODE_SIGN_STYLE = Automatic;
				DEVELOPMENT_TEAM = GC5WA7MU7L;
				INFOPLIST_FILE = "ch08-cameraCoreML/Info.plist";
				LD_RUNPATH_SEARCH_PATHS = (
					"$(inherited)",
					"@executable_path/Frameworks",
				);
				PRODUCT_BUNDLE_IDENTIFIER = "jhlee.hansung.ac.kr.ch08-cameraCoreML";
				PRODUCT_NAME = "$(TARGET_NAME)";
				SWIFT_VERSION = 5.0;
				TARGETED_DEVICE_FAMILY = "1,2";
			};
			name = Release;
		};
/* End XCBuildConfiguration section */

/* Begin XCConfigurationList section */
		B2765D272625E5D900B4E552 /* Build configuration list for PBXProject "ch08-cameraCoreML" */ = {
			isa = XCConfigurationList;
			buildConfigurations = (
				B2765D3E2625E5DB00B4E552 /* Debug */,
				B2765D3F2625E5DB00B4E552 /* Release */,
			);
			defaultConfigurationIsVisible = 0;
			defaultConfigurationName = Release;
		};
		B2765D402625E5DB00B4E552 /* Build configuration list for PBXNativeTarget "ch08-cameraCoreML" */ = {
			isa = XCConfigurationList;
			buildConfigurations = (
				B2765D412625E5DB00B4E552 /* Debug */,
				B2765D422625E5DB00B4E552 /* Release */,
			);
			defaultConfigurationIsVisible = 0;
			defaultConfigurationName = Release;
		};
/* End XCConfigurationList section */
	};
	rootObject = B2765D242625E5D900B4E552 /* Project object */;
}
